
Microsoft Visual Studio Solution File, Format Version 11.00
# Visual Studio 2010
Project("{8BC9CEB8-8B4A-11D0-8D11-00A0C91BC942}") = "glulxa", "glulxa.vcxproj", "{95B2A04A-25DD-4E45-8231-9B9BCD15192B}"
EndProject
Global
	GlobalSection(SolutionConfigurationPlatforms) = preSolution
		Debug|Win32 = Debug|Win32
		Release|Win32 = Release|Win32
	EndGlobalSection
	GlobalSection(ProjectConfigurationPlatforms) = postSolution
		{95B2A04A-25DD-4E45-8231-9B9BCD15192B}.Debug|Win32.ActiveCfg = Debug|Win32
		{95B2A04A-25DD-4E45-8231-9B9BCD15192B}.Debug|Win32.Build.0 = Debug|Win32
		{95B2A04A-25DD-4E45-8231-9B9BCD15192B}.Release|Win32.ActiveCfg = Release|Win32
		{95B2A04A-25DD-4E45-8231-9B9BCD15192B}.Release|Win32.Build.0 = Release|Win32
	EndGlobalSection
	GlobalSection(SolutionProperties) = preSolution
		HideSolutionNode = FALSE
	EndGlobalSection
EndGlobal
