<?xml version="1.0" encoding="utf-8"?>
<Project ToolsVersion="4.0" xmlns="http://schemas.microsoft.com/developer/msbuild/2003">
  <ItemGroup>
    <Filter Include="Source Files">
      <UniqueIdentifier>{f8679fd4-c005-4e7e-af51-85216e826e30}</UniqueIdentifier>
      <Extensions>cpp;c;cxx;rc;def;r;odl;idl;hpj;bat</Extensions>
    </Filter>
    <Filter Include="Header Files">
      <UniqueIdentifier>{49c385e0-2296-46f1-b8ae-2c85fa461071}</UniqueIdentifier>
      <Extensions>h;hpp;hxx;hm;inl</Extensions>
    </Filter>
    <Filter Include="Resource Files">
      <UniqueIdentifier>{c9c7068e-5702-4ee7-988b-70120be93385}</UniqueIdentifier>
      <Extensions>ico;cur;bmp;dlg;rc2;rct;bin;rgs;gif;jpg;jpeg;jpe</Extensions>
    </Filter>
  </ItemGroup>
  <ItemGroup>
    <ClCompile Include="..\cfgvars.c">
      <Filter>Source Files</Filter>
    </ClCompile>
    <ClCompile Include="..\condacto.c">
      <Filter>Source Files</Filter>
    </ClCompile>
    <ClCompile Include="dirent\dirent.c">
      <Filter>Source Files</Filter>
    </ClCompile>
    <ClCompile Include="..\errores.c">
      <Filter>Source Files</Filter>
    </ClCompile>
    <ClCompile Include="..\generar.c">
      <Filter>Source Files</Filter>
    </ClCompile>
    <ClCompile Include="..\lexico.c">
      <Filter>Source Files</Filter>
    </ClCompile>
    <ClCompile Include="..\objetos.c">
      <Filter>Source Files</Filter>
    </ClCompile>
    <ClCompile Include="..\procesos.c">
      <Filter>Source Files</Filter>
    </ClCompile>
    <ClCompile Include="..\salidas.c">
      <Filter>Source Files</Filter>
    </ClCompile>
    <ClCompile Include="..\sintacti.c">
      <Filter>Source Files</Filter>
    </ClCompile>
    <ClCompile Include="..\spg.c">
      <Filter>Source Files</Filter>
    </ClCompile>
    <ClCompile Include="..\textos.c">
      <Filter>Source Files</Filter>
    </ClCompile>
    <ClCompile Include="..\vocabula.c">
      <Filter>Source Files</Filter>
    </ClCompile>
  </ItemGroup>
  <ItemGroup>
    <ClInclude Include="..\cfgvars.h">
      <Filter>Header Files</Filter>
    </ClInclude>
    <ClInclude Include="..\comun.h">
      <Filter>Header Files</Filter>
    </ClInclude>
    <ClInclude Include="..\condacto.h">
      <Filter>Header Files</Filter>
    </ClInclude>
    <ClInclude Include="..\config.h">
      <Filter>Header Files</Filter>
    </ClInclude>
    <ClInclude Include="dirent\dirent.h">
      <Filter>Header Files</Filter>
    </ClInclude>
    <ClInclude Include="..\errores.h">
      <Filter>Header Files</Filter>
    </ClInclude>
    <ClInclude Include="..\generar.h">
      <Filter>Header Files</Filter>
    </ClInclude>
    <ClInclude Include="..\lexico.h">
      <Filter>Header Files</Filter>
    </ClInclude>
    <ClInclude Include="..\objetos.h">
      <Filter>Header Files</Filter>
    </ClInclude>
    <ClInclude Include="..\procesos.h">
      <Filter>Header Files</Filter>
    </ClInclude>
    <ClInclude Include="..\salidas.h">
      <Filter>Header Files</Filter>
    </ClInclude>
    <ClInclude Include="..\sintacti.h">
      <Filter>Header Files</Filter>
    </ClInclude>
    <ClInclude Include="..\textos.h">
      <Filter>Header Files</Filter>
    </ClInclude>
    <ClInclude Include="..\vocabula.h">
      <Filter>Header Files</Filter>
    </ClInclude>
  </ItemGroup>
</Project>